
Microsoft Visual Studio Solution File, Format Version 12.00
# Visual Studio 15
VisualStudioVersion = 15.0.28307.168
MinimumVisualStudioVersion = 10.0.40219.1
Project("{FAE04EC0-301F-11D3-BF4B-00C04F79EFBC}") = "SocketClient", "SocketClient\SocketClient.csproj", "{9E84473A-F760-4123-916D-DDBA74240441}"
EndProject
Global
	GlobalSection(SolutionConfigurationPlatforms) = preSolution
		Debug|Any CPU = Debug|Any CPU
		Release|Any CPU = Release|Any CPU
	EndGlobalSection
	GlobalSection(ProjectConfigurationPlatforms) = postSolution
		{9E84473A-F760-4123-916D-DDBA74240441}.Debug|Any CPU.ActiveCfg = Debug|Any CPU
		{9E84473A-F760-4123-916D-DDBA74240441}.Debug|Any CPU.Build.0 = Debug|Any CPU
		{9E84473A-F760-4123-916D-DDBA74240441}.Release|Any CPU.ActiveCfg = Release|Any CPU
		{9E84473A-F760-4123-916D-DDBA74240441}.Release|Any CPU.Build.0 = Release|Any CPU
	EndGlobalSection
	GlobalSection(SolutionProperties) = preSolution
		HideSolutionNode = FALSE
	EndGlobalSection
	GlobalSection(ExtensibilityGlobals) = postSolution
		SolutionGuid = {5AA8C670-C6B5-4B18-BCF9-D099ECB7A316}
	EndGlobalSection
EndGlobal
